{
  "name": "XBDM.js",
  "version": "1.0.0",
  "lockfileVersion": 1,
  "requires": true,
  "dependencies": {
    "promise-duplex": {
      "version": "4.0.3",
      "resolved": "https://registry.npmjs.org/promise-duplex/-/promise-duplex-4.0.3.tgz",
      "integrity": "sha512-K/oQ5NjwkU18Q26W6AkP1nCPq7Bg8WNCJjhFlClqUlDMOxKlcCUQdFe2LyuVsqODquRhsf9w6b6CjOzeE72wrA==",
      "requires": {
        "promise-readable": "^4.2.1",
        "promise-writable": "^4.1.1"
      }
    },
    "promise-readable": {
      "version": "4.2.1",
      "resolved": "https://registry.npmjs.org/promise-readable/-/promise-readable-4.2.1.tgz",
      "integrity": "sha512-zGdydocu9YCBmXBmcEH9NlZro/5TFKwIEaYEPnKXDrSQSxscp69Zq0o8eDl4w50lLv5u4hi/gwVDsve16KzutA=="
    },
    "promise-socket": {
      "version": "5.0.0",
      "resolved": "https://registry.npmjs.org/promise-socket/-/promise-socket-5.0.0.tgz",
      "integrity": "sha512-147ReWnebyYw3hL3M++JtKio9KGZyIz0tvrCkGi774Z0CGNFbwS2zb5gJRk1DTU2HFYB2e3rf+Hg22ymB2Wtnw==",
      "requires": {
        "promise-duplex": "^4.0.3",
        "tslib": "^1.10.0"
      }
    },
    "promise-writable": {
      "version": "4.1.1",
      "resolved": "https://registry.npmjs.org/promise-writable/-/promise-writable-4.1.1.tgz",
      "integrity": "sha512-VS/uBBXgpCIn1nKfRJL7IjlKlS8egTDmJ4BTsPsuobZIfbhsB4CVvHz34xvkr9DLjG/rb96ymrGuxvY5X1ePvQ=="
    },
    "tslib": {
      "version": "1.10.0",
      "resolved": "https://registry.npmjs.org/tslib/-/tslib-1.10.0.tgz",
      "integrity": "sha512-qOebF53frne81cf0S9B41ByenJ3/IuH8yJKngAX35CmiZySA0khhkovshKK+jGCaMnVomla7gVlIcc3EvKPbTQ=="
    }
  }
}
